// !$*UTF8*$!
{
	archiveVersion = 1;
	classes = {
	};
	objectVersion = 50;
	objects = {

/* Begin PBXBuildFile section */
		425E48FF2C75D03F00927F9D /* SwimplyPlayIndicator.framework in Frameworks */ = {isa = PBXBuildFile; fileRef = E18D8A4323F42EB0001CEAB1 /* SwimplyPlayIndicator.framework */; };
		425E49002C75D03F00927F9D /* SwimplyPlayIndicator.framework in Embed Frameworks */ = {isa = PBXBuildFile; fileRef = E18D8A4323F42EB0001CEAB1 /* SwimplyPlayIndicator.framework */; settings = {ATTRIBUTES = (CodeSignOnCopy, RemoveHeadersOnCopy, ); }; };
		425E49052C75D35E00927F9D /* ExampleApp.swift in Sources */ = {isa = PBXBuildFile; fileRef = 425E49042C75D35E00927F9D /* ExampleApp.swift */; };
		79029AD423F8091B009F2ACA /* ContentView.swift in Sources */ = {isa = PBXBuildFile; fileRef = 79029AD323F8091B009F2ACA /* ContentView.swift */; };
		79029AD623F8091C009F2ACA /* Assets.xcassets in Resources */ = {isa = PBXBuildFile; fileRef = 79029AD523F8091C009F2ACA /* Assets.xcassets */; };
		79029AE323F80929009F2ACA /* SwimplyPlayIndicator.framework in Frameworks */ = {isa = PBXBuildFile; fileRef = E18D8A5923F42F65001CEAB1 /* SwimplyPlayIndicator.framework */; };
		79029AE423F80929009F2ACA /* SwimplyPlayIndicator.framework in Embed Frameworks */ = {isa = PBXBuildFile; fileRef = E18D8A5923F42F65001CEAB1 /* SwimplyPlayIndicator.framework */; settings = {ATTRIBUTES = (CodeSignOnCopy, RemoveHeadersOnCopy, ); }; };
		E18D8A4F23F42EE9001CEAB1 /* SwimplyPlayIndicator.swift in Sources */ = {isa = PBXBuildFile; fileRef = E18D8A4E23F42EE9001CEAB1 /* SwimplyPlayIndicator.swift */; };
		E18D8A5323F42F65001CEAB1 /* SwimplyPlayIndicator.swift in Sources */ = {isa = PBXBuildFile; fileRef = E18D8A4E23F42EE9001CEAB1 /* SwimplyPlayIndicator.swift */; };
		E18D8A5E23F42F6D001CEAB1 /* SwimplyPlayIndicator.swift in Sources */ = {isa = PBXBuildFile; fileRef = E18D8A4E23F42EE9001CEAB1 /* SwimplyPlayIndicator.swift */; };
		E18D8A6923F42F70001CEAB1 /* SwimplyPlayIndicator.swift in Sources */ = {isa = PBXBuildFile; fileRef = E18D8A4E23F42EE9001CEAB1 /* SwimplyPlayIndicator.swift */; };
/* End PBXBuildFile section */

/* Begin PBXContainerItemProxy section */
		425E49012C75D03F00927F9D /* PBXContainerItemProxy */ = {
			isa = PBXContainerItemProxy;
			containerPortal = E18D8A3A23F42EB0001CEAB1 /* Project object */;
			proxyType = 1;
			remoteGlobalIDString = E18D8A4223F42EB0001CEAB1;
			remoteInfo = "PlayIndicator-iOS";
		};
		79029AE523F80929009F2ACA /* PBXContainerItemProxy */ = {
			isa = PBXContainerItemProxy;
			containerPortal = E18D8A3A23F42EB0001CEAB1 /* Project object */;
			proxyType = 1;
			remoteGlobalIDString = E18D8A5023F42F65001CEAB1;
			remoteInfo = "PlayIndicator-macOS";
		};
/* End PBXContainerItemProxy section */

/* Begin PBXCopyFilesBuildPhase section */
		425E49032C75D03F00927F9D /* Embed Frameworks */ = {
			isa = PBXCopyFilesBuildPhase;
			buildActionMask = 2147483647;
			dstPath = "";
			dstSubfolderSpec = 10;
			files = (
				425E49002C75D03F00927F9D /* SwimplyPlayIndicator.framework in Embed Frameworks */,
			);
			name = "Embed Frameworks";
			runOnlyForDeploymentPostprocessing = 0;
		};
		79029AE723F80929009F2ACA /* Embed Frameworks */ = {
			isa = PBXCopyFilesBuildPhase;
			buildActionMask = 2147483647;
			dstPath = "";
			dstSubfolderSpec = 10;
			files = (
				79029AE423F80929009F2ACA /* SwimplyPlayIndicator.framework in Embed Frameworks */,
			);
			name = "Embed Frameworks";
			runOnlyForDeploymentPostprocessing = 0;
		};
/* End PBXCopyFilesBuildPhase section */

/* Begin PBXFileReference section */
		425E48F02C75D01800927F9D /* Example-iOS.app */ = {isa = PBXFileReference; explicitFileType = wrapper.application; includeInIndex = 0; path = "Example-iOS.app"; sourceTree = BUILT_PRODUCTS_DIR; };
		425E49042C75D35E00927F9D /* ExampleApp.swift */ = {isa = PBXFileReference; lastKnownFileType = sourcecode.swift; path = ExampleApp.swift; sourceTree = "<group>"; };
		79029ACF23F8091B009F2ACA /* Example-macOS.app */ = {isa = PBXFileReference; explicitFileType = wrapper.application; includeInIndex = 0; path = "Example-macOS.app"; sourceTree = BUILT_PRODUCTS_DIR; };
		79029AD323F8091B009F2ACA /* ContentView.swift */ = {isa = PBXFileReference; lastKnownFileType = sourcecode.swift; path = ContentView.swift; sourceTree = "<group>"; };
		79029AD523F8091C009F2ACA /* Assets.xcassets */ = {isa = PBXFileReference; lastKnownFileType = folder.assetcatalog; path = Assets.xcassets; sourceTree = "<group>"; };
		79029ADD23F8091C009F2ACA /* Info.plist */ = {isa = PBXFileReference; lastKnownFileType = text.plist.xml; path = Info.plist; sourceTree = "<group>"; };
		E18D8A4323F42EB0001CEAB1 /* SwimplyPlayIndicator.framework */ = {isa = PBXFileReference; explicitFileType = wrapper.framework; includeInIndex = 0; path = SwimplyPlayIndicator.framework; sourceTree = BUILT_PRODUCTS_DIR; };
		E18D8A4E23F42EE9001CEAB1 /* SwimplyPlayIndicator.swift */ = {isa = PBXFileReference; fileEncoding = 4; lastKnownFileType = sourcecode.swift; name = SwimplyPlayIndicator.swift; path = Sources/SwimplyPlayIndicator/SwimplyPlayIndicator.swift; sourceTree = SOURCE_ROOT; };
		E18D8A5923F42F65001CEAB1 /* SwimplyPlayIndicator.framework */ = {isa = PBXFileReference; explicitFileType = wrapper.framework; includeInIndex = 0; path = SwimplyPlayIndicator.framework; sourceTree = BUILT_PRODUCTS_DIR; };
		E18D8A6423F42F6D001CEAB1 /* SwimplyPlayIndicator.framework */ = {isa = PBXFileReference; explicitFileType = wrapper.framework; includeInIndex = 0; path = SwimplyPlayIndicator.framework; sourceTree = BUILT_PRODUCTS_DIR; };
		E18D8A6F23F42F70001CEAB1 /* SwimplyPlayIndicator.framework */ = {isa = PBXFileReference; explicitFileType = wrapper.framework; includeInIndex = 0; path = SwimplyPlayIndicator.framework; sourceTree = BUILT_PRODUCTS_DIR; };
		E1B3D98D246FC0890007401E /* Info.plist */ = {isa = PBXFileReference; lastKnownFileType = text.plist; name = Info.plist; path = Sources/Info.plist; sourceTree = SOURCE_ROOT; };
/* End PBXFileReference section */

/* Begin PBXFrameworksBuildPhase section */
		425E48ED2C75D01800927F9D /* Frameworks */ = {
			isa = PBXFrameworksBuildPhase;
			buildActionMask = 2147483647;
			files = (
				425E48FF2C75D03F00927F9D /* SwimplyPlayIndicator.framework in Frameworks */,
			);
			runOnlyForDeploymentPostprocessing = 0;
		};
		79029ACC23F8091B009F2ACA /* Frameworks */ = {
			isa = PBXFrameworksBuildPhase;
			buildActionMask = 2147483647;
			files = (
				79029AE323F80929009F2ACA /* SwimplyPlayIndicator.framework in Frameworks */,
			);
			runOnlyForDeploymentPostprocessing = 0;
		};
		E18D8A4023F42EB0001CEAB1 /* Frameworks */ = {
			isa = PBXFrameworksBuildPhase;
			buildActionMask = 2147483647;
			files = (
			);
			runOnlyForDeploymentPostprocessing = 0;
		};
		E18D8A5423F42F65001CEAB1 /* Frameworks */ = {
			isa = PBXFrameworksBuildPhase;
			buildActionMask = 2147483647;
			files = (
			);
			runOnlyForDeploymentPostprocessing = 0;
		};
		E18D8A5F23F42F6D001CEAB1 /* Frameworks */ = {
			isa = PBXFrameworksBuildPhase;
			buildActionMask = 2147483647;
			files = (
			);
			runOnlyForDeploymentPostprocessing = 0;
		};
		E18D8A6A23F42F70001CEAB1 /* Frameworks */ = {
			isa = PBXFrameworksBuildPhase;
			buildActionMask = 2147483647;
			files = (
			);
			runOnlyForDeploymentPostprocessing = 0;
		};
/* End PBXFrameworksBuildPhase section */

/* Begin PBXGroup section */
		79029AD023F8091B009F2ACA /* Example-macOS */ = {
			isa = PBXGroup;
			children = (
				79029AD323F8091B009F2ACA /* ContentView.swift */,
				79029AD523F8091C009F2ACA /* Assets.xcassets */,
				79029ADD23F8091C009F2ACA /* Info.plist */,
				425E49042C75D35E00927F9D /* ExampleApp.swift */,
			);
			path = "Example-macOS";
			sourceTree = "<group>";
		};
		79029AE223F80929009F2ACA /* Frameworks */ = {
			isa = PBXGroup;
			children = (
			);
			name = Frameworks;
			sourceTree = "<group>";
		};
		E18D8A3923F42EB0001CEAB1 = {
			isa = PBXGroup;
			children = (
				E18D8A4523F42EB0001CEAB1 /* SwimplyPlayIndicator */,
				79029AD023F8091B009F2ACA /* Example-macOS */,
				E18D8A4423F42EB0001CEAB1 /* Products */,
				79029AE223F80929009F2ACA /* Frameworks */,
			);
			sourceTree = "<group>";
		};
		E18D8A4423F42EB0001CEAB1 /* Products */ = {
			isa = PBXGroup;
			children = (
				E18D8A4323F42EB0001CEAB1 /* SwimplyPlayIndicator.framework */,
				E18D8A5923F42F65001CEAB1 /* SwimplyPlayIndicator.framework */,
				E18D8A6423F42F6D001CEAB1 /* SwimplyPlayIndicator.framework */,
				E18D8A6F23F42F70001CEAB1 /* SwimplyPlayIndicator.framework */,
				79029ACF23F8091B009F2ACA /* Example-macOS.app */,
				425E48F02C75D01800927F9D /* Example-iOS.app */,
			);
			name = Products;
			sourceTree = "<group>";
		};
		E18D8A4523F42EB0001CEAB1 /* SwimplyPlayIndicator */ = {
			isa = PBXGroup;
			children = (
				E18D8A4E23F42EE9001CEAB1 /* SwimplyPlayIndicator.swift */,
				E1B3D98D246FC0890007401E /* Info.plist */,
			);
			name = SwimplyPlayIndicator;
			path = Sources/SwimplyPlayIndicator;
			sourceTree = "<group>";
		};
/* End PBXGroup section */

/* Begin PBXHeadersBuildPhase section */
		E18D8A3E23F42EB0001CEAB1 /* Headers */ = {
			isa = PBXHeadersBuildPhase;
			buildActionMask = 2147483647;
			files = (
			);
			runOnlyForDeploymentPostprocessing = 0;
		};
		E18D8A5123F42F65001CEAB1 /* Headers */ = {
			isa = PBXHeadersBuildPhase;
			buildActionMask = 2147483647;
			files = (
			);
			runOnlyForDeploymentPostprocessing = 0;
		};
		E18D8A5C23F42F6D001CEAB1 /* Headers */ = {
			isa = PBXHeadersBuildPhase;
			buildActionMask = 2147483647;
			files = (
			);
			runOnlyForDeploymentPostprocessing = 0;
		};
		E18D8A6723F42F70001CEAB1 /* Headers */ = {
			isa = PBXHeadersBuildPhase;
			buildActionMask = 2147483647;
			files = (
			);
			runOnlyForDeploymentPostprocessing = 0;
		};
/* End PBXHeadersBuildPhase section */

/* Begin PBXNativeTarget section */
		425E48EF2C75D01800927F9D /* Example-iOS */ = {
			isa = PBXNativeTarget;
			buildConfigurationList = 425E48FB2C75D01900927F9D /* Build configuration list for PBXNativeTarget "Example-iOS" */;
			buildPhases = (
				425E48EC2C75D01800927F9D /* Sources */,
				425E48ED2C75D01800927F9D /* Frameworks */,
				425E48EE2C75D01800927F9D /* Resources */,
				425E49032C75D03F00927F9D /* Embed Frameworks */,
			);
			buildRules = (
			);
			dependencies = (
				425E49022C75D03F00927F9D /* PBXTargetDependency */,
			);
			name = "Example-iOS";
			productName = "Example-iOS";
			productReference = 425E48F02C75D01800927F9D /* Example-iOS.app */;
			productType = "com.apple.product-type.application";
		};
		79029ACE23F8091B009F2ACA /* Example-macOS */ = {
			isa = PBXNativeTarget;
			buildConfigurationList = 79029AE123F8091C009F2ACA /* Build configuration list for PBXNativeTarget "Example-macOS" */;
			buildPhases = (
				79029ACB23F8091B009F2ACA /* Sources */,
				79029ACC23F8091B009F2ACA /* Frameworks */,
				79029ACD23F8091B009F2ACA /* Resources */,
				79029AE723F80929009F2ACA /* Embed Frameworks */,
			);
			buildRules = (
			);
			dependencies = (
				79029AE623F80929009F2ACA /* PBXTargetDependency */,
			);
			name = "Example-macOS";
			productName = "Example-iOS";
			productReference = 79029ACF23F8091B009F2ACA /* Example-macOS.app */;
			productType = "com.apple.product-type.application";
		};
		E18D8A4223F42EB0001CEAB1 /* PlayIndicator-iOS */ = {
			isa = PBXNativeTarget;
			buildConfigurationList = E18D8A4B23F42EB0001CEAB1 /* Build configuration list for PBXNativeTarget "PlayIndicator-iOS" */;
			buildPhases = (
				E18D8A3E23F42EB0001CEAB1 /* Headers */,
				E18D8A3F23F42EB0001CEAB1 /* Sources */,
				E18D8A4023F42EB0001CEAB1 /* Frameworks */,
				E18D8A4123F42EB0001CEAB1 /* Resources */,
			);
			buildRules = (
			);
			dependencies = (
			);
			name = "PlayIndicator-iOS";
			productName = PlayIndicator;
			productReference = E18D8A4323F42EB0001CEAB1 /* SwimplyPlayIndicator.framework */;
			productType = "com.apple.product-type.framework";
		};
		E18D8A5023F42F65001CEAB1 /* PlayIndicator-macOS */ = {
			isa = PBXNativeTarget;
			buildConfigurationList = E18D8A5623F42F65001CEAB1 /* Build configuration list for PBXNativeTarget "PlayIndicator-macOS" */;
			buildPhases = (
				E18D8A5123F42F65001CEAB1 /* Headers */,
				E18D8A5223F42F65001CEAB1 /* Sources */,
				E18D8A5423F42F65001CEAB1 /* Frameworks */,
				E18D8A5523F42F65001CEAB1 /* Resources */,
			);
			buildRules = (
			);
			dependencies = (
			);
			name = "PlayIndicator-macOS";
			productName = PlayIndicator;
			productReference = E18D8A5923F42F65001CEAB1 /* SwimplyPlayIndicator.framework */;
			productType = "com.apple.product-type.framework";
		};
		E18D8A5B23F42F6D001CEAB1 /* PlayIndicator-tvOS */ = {
			isa = PBXNativeTarget;
			buildConfigurationList = E18D8A6123F42F6D001CEAB1 /* Build configuration list for PBXNativeTarget "PlayIndicator-tvOS" */;
			buildPhases = (
				E18D8A5C23F42F6D001CEAB1 /* Headers */,
				E18D8A5D23F42F6D001CEAB1 /* Sources */,
				E18D8A5F23F42F6D001CEAB1 /* Frameworks */,
				E18D8A6023F42F6D001CEAB1 /* Resources */,
			);
			buildRules = (
			);
			dependencies = (
			);
			name = "PlayIndicator-tvOS";
			productName = PlayIndicator;
			productReference = E18D8A6423F42F6D001CEAB1 /* SwimplyPlayIndicator.framework */;
			productType = "com.apple.product-type.framework";
		};
		E18D8A6623F42F70001CEAB1 /* PlayIndicator-watchOS */ = {
			isa = PBXNativeTarget;
			buildConfigurationList = E18D8A6C23F42F70001CEAB1 /* Build configuration list for PBXNativeTarget "PlayIndicator-watchOS" */;
			buildPhases = (
				E18D8A6723F42F70001CEAB1 /* Headers */,
				E18D8A6823F42F70001CEAB1 /* Sources */,
				E18D8A6A23F42F70001CEAB1 /* Frameworks */,
				E18D8A6B23F42F70001CEAB1 /* Resources */,
			);
			buildRules = (
			);
			dependencies = (
			);
			name = "PlayIndicator-watchOS";
			productName = PlayIndicator;
			productReference = E18D8A6F23F42F70001CEAB1 /* SwimplyPlayIndicator.framework */;
			productType = "com.apple.product-type.framework";
		};
/* End PBXNativeTarget section */

/* Begin PBXProject section */
		E18D8A3A23F42EB0001CEAB1 /* Project object */ = {
			isa = PBXProject;
			attributes = {
				LastSwiftUpdateCheck = 1540;
				LastUpgradeCheck = 1140;
				ORGANIZATIONNAME = "Dennis Oberhoff";
				TargetAttributes = {
					425E48EF2C75D01800927F9D = {
						CreatedOnToolsVersion = 15.4;
					};
					79029ACE23F8091B009F2ACA = {
						CreatedOnToolsVersion = 11.3.1;
					};
					E18D8A4223F42EB0001CEAB1 = {
						CreatedOnToolsVersion = 11.3.1;
						LastSwiftMigration = 1130;
					};
				};
			};
			buildConfigurationList = E18D8A3D23F42EB0001CEAB1 /* Build configuration list for PBXProject "SwimplyPlayIndicator" */;
			compatibilityVersion = "Xcode 9.3";
			developmentRegion = en;
			hasScannedForEncodings = 0;
			knownRegions = (
				en,
				Base,
			);
			mainGroup = E18D8A3923F42EB0001CEAB1;
			productRefGroup = E18D8A4423F42EB0001CEAB1 /* Products */;
			projectDirPath = "";
			projectRoot = "";
			targets = (
				E18D8A4223F42EB0001CEAB1 /* PlayIndicator-iOS */,
				E18D8A5023F42F65001CEAB1 /* PlayIndicator-macOS */,
				E18D8A5B23F42F6D001CEAB1 /* PlayIndicator-tvOS */,
				E18D8A6623F42F70001CEAB1 /* PlayIndicator-watchOS */,
				79029ACE23F8091B009F2ACA /* Example-macOS */,
				425E48EF2C75D01800927F9D /* Example-iOS */,
			);
		};
/* End PBXProject section */

/* Begin PBXResourcesBuildPhase section */
		425E48EE2C75D01800927F9D /* Resources */ = {
			isa = PBXResourcesBuildPhase;
			buildActionMask = 2147483647;
			files = (
			);
			runOnlyForDeploymentPostprocessing = 0;
		};
		79029ACD23F8091B009F2ACA /* Resources */ = {
			isa = PBXResourcesBuildPhase;
			buildActionMask = 2147483647;
			files = (
				79029AD623F8091C009F2ACA /* Assets.xcassets in Resources */,
			);
			runOnlyForDeploymentPostprocessing = 0;
		};
		E18D8A4123F42EB0001CEAB1 /* Resources */ = {
			isa = PBXResourcesBuildPhase;
			buildActionMask = 2147483647;
			files = (
			);
			runOnlyForDeploymentPostprocessing = 0;
		};
		E18D8A5523F42F65001CEAB1 /* Resources */ = {
			isa = PBXResourcesBuildPhase;
			buildActionMask = 2147483647;
			files = (
			);
			runOnlyForDeploymentPostprocessing = 0;
		};
		E18D8A6023F42F6D001CEAB1 /* Resources */ = {
			isa = PBXResourcesBuildPhase;
			buildActionMask = 2147483647;
			files = (
			);
			runOnlyForDeploymentPostprocessing = 0;
		};
		E18D8A6B23F42F70001CEAB1 /* Resources */ = {
			isa = PBXResourcesBuildPhase;
			buildActionMask = 2147483647;
			files = (
			);
			runOnlyForDeploymentPostprocessing = 0;
		};
/* End PBXResourcesBuildPhase section */

/* Begin PBXSourcesBuildPhase section */
		425E48EC2C75D01800927F9D /* Sources */ = {
			isa = PBXSourcesBuildPhase;
			buildActionMask = 2147483647;
			files = (
			);
			runOnlyForDeploymentPostprocessing = 0;
		};
		79029ACB23F8091B009F2ACA /* Sources */ = {
			isa = PBXSourcesBuildPhase;
			buildActionMask = 2147483647;
			files = (
				425E49052C75D35E00927F9D /* ExampleApp.swift in Sources */,
				79029AD423F8091B009F2ACA /* ContentView.swift in Sources */,
			);
			runOnlyForDeploymentPostprocessing = 0;
		};
		E18D8A3F23F42EB0001CEAB1 /* Sources */ = {
			isa = PBXSourcesBuildPhase;
			buildActionMask = 2147483647;
			files = (
				E18D8A4F23F42EE9001CEAB1 /* SwimplyPlayIndicator.swift in Sources */,
			);
			runOnlyForDeploymentPostprocessing = 0;
		};
		E18D8A5223F42F65001CEAB1 /* Sources */ = {
			isa = PBXSourcesBuildPhase;
			buildActionMask = 2147483647;
			files = (
				E18D8A5323F42F65001CEAB1 /* SwimplyPlayIndicator.swift in Sources */,
			);
			runOnlyForDeploymentPostprocessing = 0;
		};
		E18D8A5D23F42F6D001CEAB1 /* Sources */ = {
			isa = PBXSourcesBuildPhase;
			buildActionMask = 2147483647;
			files = (
				E18D8A5E23F42F6D001CEAB1 /* SwimplyPlayIndicator.swift in Sources */,
			);
			runOnlyForDeploymentPostprocessing = 0;
		};
		E18D8A6823F42F70001CEAB1 /* Sources */ = {
			isa = PBXSourcesBuildPhase;
			buildActionMask = 2147483647;
			files = (
				E18D8A6923F42F70001CEAB1 /* SwimplyPlayIndicator.swift in Sources */,
			);
			runOnlyForDeploymentPostprocessing = 0;
		};
/* End PBXSourcesBuildPhase section */

/* Begin PBXTargetDependency section */
		425E49022C75D03F00927F9D /* PBXTargetDependency */ = {
			isa = PBXTargetDependency;
			target = E18D8A4223F42EB0001CEAB1 /* PlayIndicator-iOS */;
			targetProxy = 425E49012C75D03F00927F9D /* PBXContainerItemProxy */;
		};
		79029AE623F80929009F2ACA /* PBXTargetDependency */ = {
			isa = PBXTargetDependency;
			target = E18D8A5023F42F65001CEAB1 /* PlayIndicator-macOS */;
			targetProxy = 79029AE523F80929009F2ACA /* PBXContainerItemProxy */;
		};
/* End PBXTargetDependency section */

/* Begin XCBuildConfiguration section */
		425E48FC2C75D01900927F9D /* Debug */ = {
			isa = XCBuildConfiguration;
			buildSettings = {
				ASSETCATALOG_COMPILER_APPICON_NAME = AppIcon;
				ASSETCATALOG_COMPILER_GENERATE_SWIFT_ASSET_SYMBOL_EXTENSIONS = YES;
				ASSETCATALOG_COMPILER_GLOBAL_ACCENT_COLOR_NAME = AccentColor;
				CLANG_CXX_LANGUAGE_STANDARD = "gnu++20";
				CLANG_WARN_QUOTED_INCLUDE_IN_FRAMEWORK_HEADER = YES;
				CODE_SIGN_STYLE = Automatic;
				CURRENT_PROJECT_VERSION = 1;
				DEVELOPMENT_ASSET_PATHS = "\"Example-iOS/Preview Content\"";
				DEVELOPMENT_TEAM = YE33ZK7Z99;
				ENABLE_PREVIEWS = YES;
				ENABLE_USER_SCRIPT_SANDBOXING = YES;
				GCC_C_LANGUAGE_STANDARD = gnu17;
				GENERATE_INFOPLIST_FILE = YES;
				INFOPLIST_FILE = "Example-iOS/Info.plist";
				INFOPLIST_KEY_UIApplicationSceneManifest_Generation = YES;
				INFOPLIST_KEY_UIApplicationSupportsIndirectInputEvents = YES;
				INFOPLIST_KEY_UILaunchScreen_Generation = YES;
				INFOPLIST_KEY_UISupportedInterfaceOrientations_iPad = "UIInterfaceOrientationPortrait UIInterfaceOrientationPortraitUpsideDown UIInterfaceOrientationLandscapeLeft UIInterfaceOrientationLandscapeRight";
				INFOPLIST_KEY_UISupportedInterfaceOrientations_iPhone = "UIInterfaceOrientationPortrait UIInterfaceOrientationLandscapeLeft UIInterfaceOrientationLandscapeRight";
				IPHONEOS_DEPLOYMENT_TARGET = 17.5;
				LD_RUNPATH_SEARCH_PATHS = (
					"$(inherited)",
					"@executable_path/Frameworks",
				);
				LOCALIZATION_PREFERS_STRING_CATALOGS = YES;
				MARKETING_VERSION = 1.0;
				PRODUCT_BUNDLE_IDENTIFIER = "com.obrhoff.SwimplyPlayIndicator.example.ios.Example-iOS";
				PRODUCT_NAME = "$(TARGET_NAME)";
				SWIFT_ACTIVE_COMPILATION_CONDITIONS = "DEBUG $(inherited)";
				SWIFT_EMIT_LOC_STRINGS = YES;
				SWIFT_VERSION = 5.0;
				TARGETED_DEVICE_FAMILY = "1,2";
			};
			name = Debug;
		};
		425E48FD2C75D01900927F9D /* Release */ = {
			isa = XCBuildConfiguration;
			buildSettings = {
				ASSETCATALOG_COMPILER_APPICON_NAME = AppIcon;
				ASSETCATALOG_COMPILER_GENERATE_SWIFT_ASSET_SYMBOL_EXTENSIONS = YES;
				ASSETCATALOG_COMPILER_GLOBAL_ACCENT_COLOR_NAME = AccentColor;
				CLANG_CXX_LANGUAGE_STANDARD = "gnu++20";
				CLANG_WARN_QUOTED_INCLUDE_IN_FRAMEWORK_HEADER = YES;
				CODE_SIGN_STYLE = Automatic;
				CURRENT_PROJECT_VERSION = 1;
				DEVELOPMENT_ASSET_PATHS = "\"Example-iOS/Preview Content\"";
				DEVELOPMENT_TEAM = YE33ZK7Z99;
				ENABLE_PREVIEWS = YES;
				ENABLE_USER_SCRIPT_SANDBOXING = YES;
				GCC_C_LANGUAGE_STANDARD = gnu17;
				GENERATE_INFOPLIST_FILE = YES;
				INFOPLIST_FILE = "Example-iOS/Info.plist";
				INFOPLIST_KEY_UIApplicationSceneManifest_Generation = YES;
				INFOPLIST_KEY_UIApplicationSupportsIndirectInputEvents = YES;
				INFOPLIST_KEY_UILaunchScreen_Generation = YES;
				INFOPLIST_KEY_UISupportedInterfaceOrientations_iPad = "UIInterfaceOrientationPortrait UIInterfaceOrientationPortraitUpsideDown UIInterfaceOrientationLandscapeLeft UIInterfaceOrientationLandscapeRight";
				INFOPLIST_KEY_UISupportedInterfaceOrientations_iPhone = "UIInterfaceOrientationPortrait UIInterfaceOrientationLandscapeLeft UIInterfaceOrientationLandscapeRight";
				IPHONEOS_DEPLOYMENT_TARGET = 17.5;
				LD_RUNPATH_SEARCH_PATHS = (
					"$(inherited)",
					"@executable_path/Frameworks",
				);
				LOCALIZATION_PREFERS_STRING_CATALOGS = YES;
				MARKETING_VERSION = 1.0;
				PRODUCT_BUNDLE_IDENTIFIER = "com.obrhoff.SwimplyPlayIndicator.example.ios.Example-iOS";
				PRODUCT_NAME = "$(TARGET_NAME)";
				SWIFT_EMIT_LOC_STRINGS = YES;
				SWIFT_VERSION = 5.0;
				TARGETED_DEVICE_FAMILY = "1,2";
			};
			name = Release;
		};
		79029ADF23F8091C009F2ACA /* Debug */ = {
			isa = XCBuildConfiguration;
			buildSettings = {
				ASSETCATALOG_COMPILER_APPICON_NAME = AppIcon;
				CODE_SIGN_STYLE = Automatic;
				COMBINE_HIDPI_IMAGES = YES;
				DEVELOPMENT_TEAM = YE33ZK7Z99;
				ENABLE_HARDENED_RUNTIME = YES;
				ENABLE_PREVIEWS = YES;
				INFOPLIST_FILE = "Example-macOS/Info.plist";
				LD_RUNPATH_SEARCH_PATHS = (
					"$(inherited)",
					"@executable_path/../Frameworks",
				);
				MACOSX_DEPLOYMENT_TARGET = 11.0;
				PRODUCT_BUNDLE_IDENTIFIER = com.obrhoff.SwimplyPlayIndicator.example;
				PRODUCT_NAME = "$(TARGET_NAME)";
				SDKROOT = macosx;
				SWIFT_VERSION = 5.0;
			};
			name = Debug;
		};
		79029AE023F8091C009F2ACA /* Release */ = {
			isa = XCBuildConfiguration;
			buildSettings = {
				ASSETCATALOG_COMPILER_APPICON_NAME = AppIcon;
				CODE_SIGN_STYLE = Automatic;
				COMBINE_HIDPI_IMAGES = YES;
				DEVELOPMENT_TEAM = YE33ZK7Z99;
				ENABLE_HARDENED_RUNTIME = YES;
				ENABLE_PREVIEWS = YES;
				INFOPLIST_FILE = "Example-macOS/Info.plist";
				LD_RUNPATH_SEARCH_PATHS = (
					"$(inherited)",
					"@executable_path/../Frameworks",
				);
				MACOSX_DEPLOYMENT_TARGET = 11.0;
				PRODUCT_BUNDLE_IDENTIFIER = com.obrhoff.SwimplyPlayIndicator.example;
				PRODUCT_NAME = "$(TARGET_NAME)";
				SDKROOT = macosx;
				SWIFT_VERSION = 5.0;
			};
			name = Release;
		};
		E18D8A4923F42EB0001CEAB1 /* Debug */ = {
			isa = XCBuildConfiguration;
			buildSettings = {
				ALWAYS_SEARCH_USER_PATHS = NO;
				CLANG_ANALYZER_NONNULL = YES;
				CLANG_ANALYZER_NUMBER_OBJECT_CONVERSION = YES_AGGRESSIVE;
				CLANG_CXX_LANGUAGE_STANDARD = "gnu++14";
				CLANG_CXX_LIBRARY = "libc++";
				CLANG_ENABLE_MODULES = YES;
				CLANG_ENABLE_OBJC_ARC = YES;
				CLANG_ENABLE_OBJC_WEAK = YES;
				CLANG_WARN_BLOCK_CAPTURE_AUTORELEASING = YES;
				CLANG_WARN_BOOL_CONVERSION = YES;
				CLANG_WARN_COMMA = YES;
				CLANG_WARN_CONSTANT_CONVERSION = YES;
				CLANG_WARN_DEPRECATED_OBJC_IMPLEMENTATIONS = YES;
				CLANG_WARN_DIRECT_OBJC_ISA_USAGE = YES_ERROR;
				CLANG_WARN_DOCUMENTATION_COMMENTS = YES;
				CLANG_WARN_EMPTY_BODY = YES;
				CLANG_WARN_ENUM_CONVERSION = YES;
				CLANG_WARN_INFINITE_RECURSION = YES;
				CLANG_WARN_INT_CONVERSION = YES;
				CLANG_WARN_NON_LITERAL_NULL_CONVERSION = YES;
				CLANG_WARN_OBJC_IMPLICIT_RETAIN_SELF = YES;
				CLANG_WARN_OBJC_LITERAL_CONVERSION = YES;
				CLANG_WARN_OBJC_ROOT_CLASS = YES_ERROR;
				CLANG_WARN_RANGE_LOOP_ANALYSIS = YES;
				CLANG_WARN_STRICT_PROTOTYPES = YES;
				CLANG_WARN_SUSPICIOUS_MOVE = YES;
				CLANG_WARN_UNGUARDED_AVAILABILITY = YES_AGGRESSIVE;
				CLANG_WARN_UNREACHABLE_CODE = YES;
				CLANG_WARN__DUPLICATE_METHOD_MATCH = YES;
				COPY_PHASE_STRIP = NO;
				CURRENT_PROJECT_VERSION = 1;
				DEBUG_INFORMATION_FORMAT = dwarf;
				ENABLE_STRICT_OBJC_MSGSEND = YES;
				ENABLE_TESTABILITY = YES;
				GCC_C_LANGUAGE_STANDARD = gnu11;
				GCC_DYNAMIC_NO_PIC = NO;
				GCC_NO_COMMON_BLOCKS = YES;
				GCC_OPTIMIZATION_LEVEL = 0;
				GCC_PREPROCESSOR_DEFINITIONS = (
					"DEBUG=1",
					"$(inherited)",
				);
				GCC_WARN_64_TO_32_BIT_CONVERSION = YES;
				GCC_WARN_ABOUT_RETURN_TYPE = YES_ERROR;
				GCC_WARN_UNDECLARED_SELECTOR = YES;
				GCC_WARN_UNINITIALIZED_AUTOS = YES_AGGRESSIVE;
				GCC_WARN_UNUSED_FUNCTION = YES;
				GCC_WARN_UNUSED_VARIABLE = YES;
				IPHONEOS_DEPLOYMENT_TARGET = 13.2;
				MTL_ENABLE_DEBUG_INFO = INCLUDE_SOURCE;
				MTL_FAST_MATH = YES;
				ONLY_ACTIVE_ARCH = YES;
				SDKROOT = iphoneos;
				SWIFT_ACTIVE_COMPILATION_CONDITIONS = DEBUG;
				SWIFT_OPTIMIZATION_LEVEL = "-Onone";
				VERSIONING_SYSTEM = "apple-generic";
				VERSION_INFO_PREFIX = "";
			};
			name = Debug;
		};
		E18D8A4A23F42EB0001CEAB1 /* Release */ = {
			isa = XCBuildConfiguration;
			buildSettings = {
				ALWAYS_SEARCH_USER_PATHS = NO;
				CLANG_ANALYZER_NONNULL = YES;
				CLANG_ANALYZER_NUMBER_OBJECT_CONVERSION = YES_AGGRESSIVE;
				CLANG_CXX_LANGUAGE_STANDARD = "gnu++14";
				CLANG_CXX_LIBRARY = "libc++";
				CLANG_ENABLE_MODULES = YES;
				CLANG_ENABLE_OBJC_ARC = YES;
				CLANG_ENABLE_OBJC_WEAK = YES;
				CLANG_WARN_BLOCK_CAPTURE_AUTORELEASING = YES;
				CLANG_WARN_BOOL_CONVERSION = YES;
				CLANG_WARN_COMMA = YES;
				CLANG_WARN_CONSTANT_CONVERSION = YES;
				CLANG_WARN_DEPRECATED_OBJC_IMPLEMENTATIONS = YES;
				CLANG_WARN_DIRECT_OBJC_ISA_USAGE = YES_ERROR;
				CLANG_WARN_DOCUMENTATION_COMMENTS = YES;
				CLANG_WARN_EMPTY_BODY = YES;
				CLANG_WARN_ENUM_CONVERSION = YES;
				CLANG_WARN_INFINITE_RECURSION = YES;
				CLANG_WARN_INT_CONVERSION = YES;
				CLANG_WARN_NON_LITERAL_NULL_CONVERSION = YES;
				CLANG_WARN_OBJC_IMPLICIT_RETAIN_SELF = YES;
				CLANG_WARN_OBJC_LITERAL_CONVERSION = YES;
				CLANG_WARN_OBJC_ROOT_CLASS = YES_ERROR;
				CLANG_WARN_RANGE_LOOP_ANALYSIS = YES;
				CLANG_WARN_STRICT_PROTOTYPES = YES;
				CLANG_WARN_SUSPICIOUS_MOVE = YES;
				CLANG_WARN_UNGUARDED_AVAILABILITY = YES_AGGRESSIVE;
				CLANG_WARN_UNREACHABLE_CODE = YES;
				CLANG_WARN__DUPLICATE_METHOD_MATCH = YES;
				COPY_PHASE_STRIP = NO;
				CURRENT_PROJECT_VERSION = 1;
				DEBUG_INFORMATION_FORMAT = "dwarf-with-dsym";
				ENABLE_NS_ASSERTIONS = NO;
				ENABLE_STRICT_OBJC_MSGSEND = YES;
				GCC_C_LANGUAGE_STANDARD = gnu11;
				GCC_NO_COMMON_BLOCKS = YES;
				GCC_WARN_64_TO_32_BIT_CONVERSION = YES;
				GCC_WARN_ABOUT_RETURN_TYPE = YES_ERROR;
				GCC_WARN_UNDECLARED_SELECTOR = YES;
				GCC_WARN_UNINITIALIZED_AUTOS = YES_AGGRESSIVE;
				GCC_WARN_UNUSED_FUNCTION = YES;
				GCC_WARN_UNUSED_VARIABLE = YES;
				IPHONEOS_DEPLOYMENT_TARGET = 13.2;
				MTL_ENABLE_DEBUG_INFO = NO;
				MTL_FAST_MATH = YES;
				SDKROOT = iphoneos;
				SWIFT_COMPILATION_MODE = wholemodule;
				SWIFT_OPTIMIZATION_LEVEL = "-O";
				VALIDATE_PRODUCT = YES;
				VERSIONING_SYSTEM = "apple-generic";
				VERSION_INFO_PREFIX = "";
			};
			name = Release;
		};
		E18D8A4C23F42EB0001CEAB1 /* Debug */ = {
			isa = XCBuildConfiguration;
			buildSettings = {
				APPLICATION_EXTENSION_API_ONLY = YES;
				CLANG_ENABLE_MODULES = YES;
				CODE_SIGN_STYLE = Automatic;
				DEFINES_MODULE = YES;
				DEVELOPMENT_TEAM = YE33ZK7Z99;
				DYLIB_COMPATIBILITY_VERSION = 1;
				DYLIB_CURRENT_VERSION = 1;
				DYLIB_INSTALL_NAME_BASE = "@rpath";
				INFOPLIST_FILE = Sources/Info.plist;
				INSTALL_PATH = "$(LOCAL_LIBRARY_DIR)/Frameworks";
				LD_RUNPATH_SEARCH_PATHS = (
					"$(inherited)",
					"@executable_path/Frameworks",
					"@loader_path/Frameworks",
				);
				PRODUCT_BUNDLE_IDENTIFIER = com.obrhoff.SwimplyPlayIndicator;
				PRODUCT_NAME = SwimplyPlayIndicator;
				SKIP_INSTALL = YES;
				SWIFT_OPTIMIZATION_LEVEL = "-Onone";
				SWIFT_VERSION = 5.0;
				TARGETED_DEVICE_FAMILY = "1,2";
			};
			name = Debug;
		};
		E18D8A4D23F42EB0001CEAB1 /* Release */ = {
			isa = XCBuildConfiguration;
			buildSettings = {
				APPLICATION_EXTENSION_API_ONLY = YES;
				CLANG_ENABLE_MODULES = YES;
				CODE_SIGN_STYLE = Automatic;
				DEFINES_MODULE = YES;
				DEVELOPMENT_TEAM = YE33ZK7Z99;
				DYLIB_COMPATIBILITY_VERSION = 1;
				DYLIB_CURRENT_VERSION = 1;
				DYLIB_INSTALL_NAME_BASE = "@rpath";
				INFOPLIST_FILE = Sources/Info.plist;
				INSTALL_PATH = "$(LOCAL_LIBRARY_DIR)/Frameworks";
				LD_RUNPATH_SEARCH_PATHS = (
					"$(inherited)",
					"@executable_path/Frameworks",
					"@loader_path/Frameworks",
				);
				PRODUCT_BUNDLE_IDENTIFIER = com.obrhoff.SwimplyPlayIndicator;
				PRODUCT_NAME = SwimplyPlayIndicator;
				SKIP_INSTALL = YES;
				SWIFT_VERSION = 5.0;
				TARGETED_DEVICE_FAMILY = "1,2";
			};
			name = Release;
		};
		E18D8A5723F42F65001CEAB1 /* Debug */ = {
			isa = XCBuildConfiguration;
			buildSettings = {
				APPLICATION_EXTENSION_API_ONLY = YES;
				CLANG_ENABLE_MODULES = YES;
				CODE_SIGN_STYLE = Automatic;
				DEFINES_MODULE = YES;
				DEVELOPMENT_TEAM = YE33ZK7Z99;
				DYLIB_COMPATIBILITY_VERSION = 1;
				DYLIB_CURRENT_VERSION = 1;
				DYLIB_INSTALL_NAME_BASE = "@rpath";
				INFOPLIST_FILE = Sources/Info.plist;
				INSTALL_PATH = "$(LOCAL_LIBRARY_DIR)/Frameworks";
				LD_RUNPATH_SEARCH_PATHS = (
					"$(inherited)",
					"@executable_path/Frameworks",
					"@loader_path/Frameworks",
				);
				MACOSX_DEPLOYMENT_TARGET = 10.15;
				PRODUCT_BUNDLE_IDENTIFIER = com.obrhoff.SwimplyPlayIndicator;
				PRODUCT_NAME = SwimplyPlayIndicator;
				SDKROOT = macosx;
				SKIP_INSTALL = YES;
				SWIFT_OPTIMIZATION_LEVEL = "-Onone";
				SWIFT_VERSION = 5.0;
				TARGETED_DEVICE_FAMILY = "1,2";
			};
			name = Debug;
		};
		E18D8A5823F42F65001CEAB1 /* Release */ = {
			isa = XCBuildConfiguration;
			buildSettings = {
				APPLICATION_EXTENSION_API_ONLY = YES;
				CLANG_ENABLE_MODULES = YES;
				CODE_SIGN_STYLE = Automatic;
				DEFINES_MODULE = YES;
				DEVELOPMENT_TEAM = YE33ZK7Z99;
				DYLIB_COMPATIBILITY_VERSION = 1;
				DYLIB_CURRENT_VERSION = 1;
				DYLIB_INSTALL_NAME_BASE = "@rpath";
				INFOPLIST_FILE = Sources/Info.plist;
				INSTALL_PATH = "$(LOCAL_LIBRARY_DIR)/Frameworks";
				LD_RUNPATH_SEARCH_PATHS = (
					"$(inherited)",
					"@executable_path/Frameworks",
					"@loader_path/Frameworks",
				);
				MACOSX_DEPLOYMENT_TARGET = 10.15;
				PRODUCT_BUNDLE_IDENTIFIER = com.obrhoff.SwimplyPlayIndicator;
				PRODUCT_NAME = SwimplyPlayIndicator;
				SDKROOT = macosx;
				SKIP_INSTALL = YES;
				SWIFT_VERSION = 5.0;
				TARGETED_DEVICE_FAMILY = "1,2";
			};
			name = Release;
		};
		E18D8A6223F42F6D001CEAB1 /* Debug */ = {
			isa = XCBuildConfiguration;
			buildSettings = {
				APPLICATION_EXTENSION_API_ONLY = YES;
				CLANG_ENABLE_MODULES = YES;
				CODE_SIGN_STYLE = Automatic;
				DEFINES_MODULE = YES;
				DEVELOPMENT_TEAM = YE33ZK7Z99;
				DYLIB_COMPATIBILITY_VERSION = 1;
				DYLIB_CURRENT_VERSION = 1;
				DYLIB_INSTALL_NAME_BASE = "@rpath";
				INFOPLIST_FILE = Sources/Info.plist;
				INSTALL_PATH = "$(LOCAL_LIBRARY_DIR)/Frameworks";
				LD_RUNPATH_SEARCH_PATHS = (
					"$(inherited)",
					"@executable_path/Frameworks",
					"@loader_path/Frameworks",
				);
				PRODUCT_BUNDLE_IDENTIFIER = com.obrhoff.SwimplyPlayIndicator;
				PRODUCT_NAME = SwimplyPlayIndicator;
				SDKROOT = appletvos;
				SKIP_INSTALL = YES;
				SWIFT_OPTIMIZATION_LEVEL = "-Onone";
				SWIFT_VERSION = 5.0;
				TVOS_DEPLOYMENT_TARGET = 13.0;
			};
			name = Debug;
		};
		E18D8A6323F42F6D001CEAB1 /* Release */ = {
			isa = XCBuildConfiguration;
			buildSettings = {
				APPLICATION_EXTENSION_API_ONLY = YES;
				CLANG_ENABLE_MODULES = YES;
				CODE_SIGN_STYLE = Automatic;
				DEFINES_MODULE = YES;
				DEVELOPMENT_TEAM = YE33ZK7Z99;
				DYLIB_COMPATIBILITY_VERSION = 1;
				DYLIB_CURRENT_VERSION = 1;
				DYLIB_INSTALL_NAME_BASE = "@rpath";
				INFOPLIST_FILE = Sources/Info.plist;
				INSTALL_PATH = "$(LOCAL_LIBRARY_DIR)/Frameworks";
				LD_RUNPATH_SEARCH_PATHS = (
					"$(inherited)",
					"@executable_path/Frameworks",
					"@loader_path/Frameworks",
				);
				PRODUCT_BUNDLE_IDENTIFIER = com.obrhoff.SwimplyPlayIndicator;
				PRODUCT_NAME = SwimplyPlayIndicator;
				SDKROOT = appletvos;
				SKIP_INSTALL = YES;
				SWIFT_VERSION = 5.0;
				TVOS_DEPLOYMENT_TARGET = 13.0;
			};
			name = Release;
		};
		E18D8A6D23F42F70001CEAB1 /* Debug */ = {
			isa = XCBuildConfiguration;
			buildSettings = {
				APPLICATION_EXTENSION_API_ONLY = YES;
				CLANG_ENABLE_MODULES = YES;
				CODE_SIGN_STYLE = Automatic;
				DEFINES_MODULE = YES;
				DEVELOPMENT_TEAM = YE33ZK7Z99;
				DYLIB_COMPATIBILITY_VERSION = 1;
				DYLIB_CURRENT_VERSION = 1;
				DYLIB_INSTALL_NAME_BASE = "@rpath";
				INFOPLIST_FILE = Sources/Info.plist;
				INSTALL_PATH = "$(LOCAL_LIBRARY_DIR)/Frameworks";
				LD_RUNPATH_SEARCH_PATHS = (
					"$(inherited)",
					"@executable_path/Frameworks",
					"@loader_path/Frameworks",
				);
				PRODUCT_BUNDLE_IDENTIFIER = com.obrhoff.SwimplyPlayIndicator;
				PRODUCT_NAME = SwimplyPlayIndicator;
				SDKROOT = watchos;
				SKIP_INSTALL = YES;
				SWIFT_OPTIMIZATION_LEVEL = "-Onone";
				SWIFT_VERSION = 5.0;
				WATCHOS_DEPLOYMENT_TARGET = 6.0;
			};
			name = Debug;
		};
		E18D8A6E23F42F70001CEAB1 /* Release */ = {
			isa = XCBuildConfiguration;
			buildSettings = {
				APPLICATION_EXTENSION_API_ONLY = YES;
				CLANG_ENABLE_MODULES = YES;
				CODE_SIGN_STYLE = Automatic;
				DEFINES_MODULE = YES;
				DEVELOPMENT_TEAM = YE33ZK7Z99;
				DYLIB_COMPATIBILITY_VERSION = 1;
				DYLIB_CURRENT_VERSION = 1;
				DYLIB_INSTALL_NAME_BASE = "@rpath";
				INFOPLIST_FILE = Sources/Info.plist;
				INSTALL_PATH = "$(LOCAL_LIBRARY_DIR)/Frameworks";
				LD_RUNPATH_SEARCH_PATHS = (
					"$(inherited)",
					"@executable_path/Frameworks",
					"@loader_path/Frameworks",
				);
				PRODUCT_BUNDLE_IDENTIFIER = com.obrhoff.SwimplyPlayIndicator;
				PRODUCT_NAME = SwimplyPlayIndicator;
				SDKROOT = watchos;
				SKIP_INSTALL = YES;
				SWIFT_VERSION = 5.0;
				WATCHOS_DEPLOYMENT_TARGET = 6.0;
			};
			name = Release;
		};
/* End XCBuildConfiguration section */

/* Begin XCConfigurationList section */
		425E48FB2C75D01900927F9D /* Build configuration list for PBXNativeTarget "Example-iOS" */ = {
			isa = XCConfigurationList;
			buildConfigurations = (
				425E48FC2C75D01900927F9D /* Debug */,
				425E48FD2C75D01900927F9D /* Release */,
			);
			defaultConfigurationIsVisible = 0;
			defaultConfigurationName = Release;
		};
		79029AE123F8091C009F2ACA /* Build configuration list for PBXNativeTarget "Example-macOS" */ = {
			isa = XCConfigurationList;
			buildConfigurations = (
				79029ADF23F8091C009F2ACA /* Debug */,
				79029AE023F8091C009F2ACA /* Release */,
			);
			defaultConfigurationIsVisible = 0;
			defaultConfigurationName = Release;
		};
		E18D8A3D23F42EB0001CEAB1 /* Build configuration list for PBXProject "SwimplyPlayIndicator" */ = {
			isa = XCConfigurationList;
			buildConfigurations = (
				E18D8A4923F42EB0001CEAB1 /* Debug */,
				E18D8A4A23F42EB0001CEAB1 /* Release */,
			);
			defaultConfigurationIsVisible = 0;
			defaultConfigurationName = Release;
		};
		E18D8A4B23F42EB0001CEAB1 /* Build configuration list for PBXNativeTarget "PlayIndicator-iOS" */ = {
			isa = XCConfigurationList;
			buildConfigurations = (
				E18D8A4C23F42EB0001CEAB1 /* Debug */,
				E18D8A4D23F42EB0001CEAB1 /* Release */,
			);
			defaultConfigurationIsVisible = 0;
			defaultConfigurationName = Release;
		};
		E18D8A5623F42F65001CEAB1 /* Build configuration list for PBXNativeTarget "PlayIndicator-macOS" */ = {
			isa = XCConfigurationList;
			buildConfigurations = (
				E18D8A5723F42F65001CEAB1 /* Debug */,
				E18D8A5823F42F65001CEAB1 /* Release */,
			);
			defaultConfigurationIsVisible = 0;
			defaultConfigurationName = Release;
		};
		E18D8A6123F42F6D001CEAB1 /* Build configuration list for PBXNativeTarget "PlayIndicator-tvOS" */ = {
			isa = XCConfigurationList;
			buildConfigurations = (
				E18D8A6223F42F6D001CEAB1 /* Debug */,
				E18D8A6323F42F6D001CEAB1 /* Release */,
			);
			defaultConfigurationIsVisible = 0;
			defaultConfigurationName = Release;
		};
		E18D8A6C23F42F70001CEAB1 /* Build configuration list for PBXNativeTarget "PlayIndicator-watchOS" */ = {
			isa = XCConfigurationList;
			buildConfigurations = (
				E18D8A6D23F42F70001CEAB1 /* Debug */,
				E18D8A6E23F42F70001CEAB1 /* Release */,
			);
			defaultConfigurationIsVisible = 0;
			defaultConfigurationName = Release;
		};
/* End XCConfigurationList section */
	};
	rootObject = E18D8A3A23F42EB0001CEAB1 /* Project object */;
}
